{
  "name": "lesson4",
  "version": "1.0.0",
  "lockfileVersion": 1,
  "requires": true,
  "dependencies": {
    "eachr": {
      "version": "3.2.0",
      "resolved": "https://registry.npmjs.org/eachr/-/eachr-3.2.0.tgz",
      "integrity": "sha1-LDXkPqCGUW95l8+At6pk1VpKRIQ=",
      "requires": {
        "editions": "1.3.4",
        "typechecker": "4.7.0"
      },
      "dependencies": {
        "editions": {
          "version": "1.3.4",
          "resolved": "https://registry.npmjs.org/editions/-/editions-1.3.4.tgz",
          "integrity": "sha512-gzao+mxnYDzIysXKMQi/+M1mjy/rjestjg6OPoYTtI+3Izp23oiGZitsl9lPDPiTGXbcSIk1iJWhliSaglxnUg=="
        }
      }
    },
    "editions": {
      "version": "2.1.3",
      "resolved": "https://registry.npmjs.org/editions/-/editions-2.1.3.tgz",
      "integrity": "sha512-xDZyVm0A4nLgMNWVVLJvcwMjI80ShiH/27RyLiCnW1L273TcJIA25C4pwJ33AWV01OX6UriP35Xu+lH4S7HWQw==",
      "requires": {
        "errlop": "1.1.1",
        "semver": "5.6.0"
      }
    },
    "errlop": {
      "version": "1.1.1",
      "resolved": "https://registry.npmjs.org/errlop/-/errlop-1.1.1.tgz",
      "integrity": "sha512-WX7QjiPHhsny7/PQvrhS5VMizXXKoKCS3udaBp8gjlARdbn+XmK300eKBAAN0hGyRaTCtRpOaxK+xFVPUJ3zkw==",
      "requires": {
        "editions": "2.1.3"
      }
    },
    "extract-opts": {
      "version": "3.3.1",
      "resolved": "https://registry.npmjs.org/extract-opts/-/extract-opts-3.3.1.tgz",
      "integrity": "sha1-WrvtyYwNUgLjJ4cn+Rktfghsa+E=",
      "requires": {
        "eachr": "3.2.0",
        "editions": "1.3.4",
        "typechecker": "4.7.0"
      },
      "dependencies": {
        "editions": {
          "version": "1.3.4",
          "resolved": "https://registry.npmjs.org/editions/-/editions-1.3.4.tgz",
          "integrity": "sha512-gzao+mxnYDzIysXKMQi/+M1mjy/rjestjg6OPoYTtI+3Izp23oiGZitsl9lPDPiTGXbcSIk1iJWhliSaglxnUg=="
        }
      }
    },
    "getmac": {
      "version": "1.4.6",
      "resolved": "https://registry.npmjs.org/getmac/-/getmac-1.4.6.tgz",
      "integrity": "sha512-3JPwiIr4P6Sgr6y6SVXX0+l2mrB6pyf4Cdyua7rvEV7SveWQkAp11vrkNym8wvRxzLrBenKRcwe93asdghuwWg==",
      "requires": {
        "editions": "2.1.3",
        "extract-opts": "3.3.1"
      }
    },
    "semver": {
      "version": "5.6.0",
      "resolved": "https://registry.npmjs.org/semver/-/semver-5.6.0.tgz",
      "integrity": "sha512-RS9R6R35NYgQn++fkDWaOmqGoj4Ek9gGs+DPxNUZKuwE183xjJroKvyo1IzVFeXvUrvmALy6FWD5xrdJT25gMg=="
    },
    "typechecker": {
      "version": "4.7.0",
      "resolved": "https://registry.npmjs.org/typechecker/-/typechecker-4.7.0.tgz",
      "integrity": "sha512-4LHc1KMNJ6NDGO+dSM/yNfZQRtp8NN7psYrPHUblD62Dvkwsp3VShsbM78kOgpcmMkRTgvwdKOTjctS+uMllgQ==",
      "requires": {
        "editions": "2.1.3"
      }
    }
  }
}
